
Microsoft Visual Studio Solution File, Format Version 12.00
# Visual Studio Version 16
VisualStudioVersion = 16.0.29609.76
MinimumVisualStudioVersion = 10.0.40219.1
Project("{FAE04EC0-301F-11D3-BF4B-00C04F79EFBC}") = "GuessMyNumber", "GuessMyNumber.csproj", "{740DAAAB-31EC-4472-971C-B92C06EE7CD0}"
EndProject
Global
	GlobalSection(SolutionConfigurationPlatforms) = preSolution
		Debug|Any CPU = Debug|Any CPU
		Release|Any CPU = Release|Any CPU
	EndGlobalSection
	GlobalSection(ProjectConfigurationPlatforms) = postSolution
		{740DAAAB-31EC-4472-971C-B92C06EE7CD0}.Debug|Any CPU.ActiveCfg = Debug|Any CPU
		{740DAAAB-31EC-4472-971C-B92C06EE7CD0}.Debug|Any CPU.Build.0 = Debug|Any CPU
		{740DAAAB-31EC-4472-971C-B92C06EE7CD0}.Release|Any CPU.ActiveCfg = Release|Any CPU
		{740DAAAB-31EC-4472-971C-B92C06EE7CD0}.Release|Any CPU.Build.0 = Release|Any CPU
	EndGlobalSection
	GlobalSection(SolutionProperties) = preSolution
		HideSolutionNode = FALSE
	EndGlobalSection
	GlobalSection(ExtensibilityGlobals) = postSolution
		SolutionGuid = {8A8D8A93-B161-4C76-87A0-D4309A18DB4A}
	EndGlobalSection
EndGlobal
